PODS:
  - Alamofire (4.6.0)
  - SwiftyJSON (3.1.0)
  - youtube-ios-player-helper (0.1.6)

DEPENDENCIES:
  - Alamofire (= 4.6.0)
  - SwiftyJSON (= 3.1)
  - youtube-ios-player-helper (~> 0.1.4)

SPEC REPOS:
  trunk:
    - Alamofire
    - SwiftyJSON
    - youtube-ios-player-helper

SPEC CHECKSUMS:
  Alamofire: f41a599bd63041760b26d393ec1069d9d7b917f4
  SwiftyJSON: 29b9f2a64f118c07e691667c2ba1efe536acfe0b
  youtube-ios-player-helper: 21ab92db027c7ff86cb17a3843a3f6eafc8158d2

PODFILE CHECKSUM: e1bc472be7f323e341fb2d7d5dd9c442cd19d55e

COCOAPODS: 1.8.4
